
Microsoft Visual Studio Solution File, Format Version 11.00
# Visual Studio 2010
Project("{FAE04EC0-301F-11D3-BF4B-00C04F79EFBC}") = "Assembly-CSharp", "Assembly-CSharp.csproj", "{f70cf093-8b34-a98b-e6a3-6a8a57965d20}"
EndProject
Project("{FAE04EC0-301F-11D3-BF4B-00C04F79EFBC}") = "Assembly-CSharp-Editor", "Assembly-CSharp-Editor.csproj", "{f5350a27-a3db-b1ef-1581-7b8ad6830c42}"
EndProject
Global
	GlobalSection(SolutionConfigurationPlatforms) = preSolution
		Debug|Any CPU = Debug|Any CPU
		Release|Any CPU = Release|Any CPU
	EndGlobalSection
	GlobalSection(ProjectConfigurationPlatforms) = postSolution
		{f70cf093-8b34-a98b-e6a3-6a8a57965d20}.Debug|Any CPU.ActiveCfg = Debug|Any CPU
		{f70cf093-8b34-a98b-e6a3-6a8a57965d20}.Debug|Any CPU.Build.0 = Debug|Any CPU
		{f70cf093-8b34-a98b-e6a3-6a8a57965d20}.Release|Any CPU.ActiveCfg = Release|Any CPU
		{f70cf093-8b34-a98b-e6a3-6a8a57965d20}.Release|Any CPU.Build.0 = Release|Any CPU
		{f5350a27-a3db-b1ef-1581-7b8ad6830c42}.Debug|Any CPU.ActiveCfg = Debug|Any CPU
		{f5350a27-a3db-b1ef-1581-7b8ad6830c42}.Debug|Any CPU.Build.0 = Debug|Any CPU
		{f5350a27-a3db-b1ef-1581-7b8ad6830c42}.Release|Any CPU.ActiveCfg = Release|Any CPU
		{f5350a27-a3db-b1ef-1581-7b8ad6830c42}.Release|Any CPU.Build.0 = Release|Any CPU
	EndGlobalSection
	GlobalSection(SolutionProperties) = preSolution
		HideSolutionNode = FALSE
	EndGlobalSection
EndGlobal
